// !$*UTF8*$!
{
	archiveVersion = 1;
	classes = {
	};
	objectVersion = 46;
	objects = {

/* Begin PBXBuildFile section */
		84B5426C1B153C520065FECC /* main.m in Sources */ = {isa = PBXBuildFile; fileRef = 84B5426B1B153C520065FECC /* main.m */; };
		84B5426F1B153C520065FECC /* AppDelegate.m in Sources */ = {isa = PBXBuildFile; fileRef = 84B5426E1B153C520065FECC /* AppDelegate.m */; };
		84B542721B153C520065FECC /* MasterViewController.m in Sources */ = {isa = PBXBuildFile; fileRef = 84B542711B153C520065FECC /* MasterViewController.m */; };
		84B542751B153C530065FECC /* DetailViewController.m in Sources */ = {isa = PBXBuildFile; fileRef = 84B542741B153C530065FECC /* DetailViewController.m */; };
		84B542781B153C530065FECC /* Main.storyboard in Resources */ = {isa = PBXBuildFile; fileRef = 84B542761B153C530065FECC /* Main.storyboard */; };
		84B5427A1B153C530065FECC /* Images.xcassets in Resources */ = {isa = PBXBuildFile; fileRef = 84B542791B153C530065FECC /* Images.xcassets */; };
		84B5427D1B153C530065FECC /* LaunchScreen.xib in Resources */ = {isa = PBXBuildFile; fileRef = 84B5427B1B153C530065FECC /* LaunchScreen.xib */; };
		84B542891B153C530065FECC /* Tutorial_22Tests.m in Sources */ = {isa = PBXBuildFile; fileRef = 84B542881B153C530065FECC /* Tutorial_22Tests.m */; };
/* End PBXBuildFile section */

/* Begin PBXContainerItemProxy section */
		84B542831B153C530065FECC /* PBXContainerItemProxy */ = {
			isa = PBXContainerItemProxy;
			containerPortal = 84B5425E1B153C520065FECC /* Project object */;
			proxyType = 1;
			remoteGlobalIDString = 84B542651B153C520065FECC;
			remoteInfo = Tutorial_22;
		};
/* End PBXContainerItemProxy section */

/* Begin PBXFileReference section */
		84B542661B153C520065FECC /* Tutorial_22.app */ = {isa = PBXFileReference; explicitFileType = wrapper.application; includeInIndex = 0; path = Tutorial_22.app; sourceTree = BUILT_PRODUCTS_DIR; };
		84B5426A1B153C520065FECC /* Info.plist */ = {isa = PBXFileReference; lastKnownFileType = text.plist.xml; path = Info.plist; sourceTree = "<group>"; };
		84B5426B1B153C520065FECC /* main.m */ = {isa = PBXFileReference; lastKnownFileType = sourcecode.c.objc; path = main.m; sourceTree = "<group>"; };
		84B5426D1B153C520065FECC /* AppDelegate.h */ = {isa = PBXFileReference; lastKnownFileType = sourcecode.c.h; path = AppDelegate.h; sourceTree = "<group>"; };
		84B5426E1B153C520065FECC /* AppDelegate.m */ = {isa = PBXFileReference; lastKnownFileType = sourcecode.c.objc; path = AppDelegate.m; sourceTree = "<group>"; };
		84B542701B153C520065FECC /* MasterViewController.h */ = {isa = PBXFileReference; lastKnownFileType = sourcecode.c.h; path = MasterViewController.h; sourceTree = "<group>"; };
		84B542711B153C520065FECC /* MasterViewController.m */ = {isa = PBXFileReference; lastKnownFileType = sourcecode.c.objc; path = MasterViewController.m; sourceTree = "<group>"; };
		84B542731B153C520065FECC /* DetailViewController.h */ = {isa = PBXFileReference; lastKnownFileType = sourcecode.c.h; path = DetailViewController.h; sourceTree = "<group>"; };
		84B542741B153C530065FECC /* DetailViewController.m */ = {isa = PBXFileReference; lastKnownFileType = sourcecode.c.objc; path = DetailViewController.m; sourceTree = "<group>"; };
		84B542771B153C530065FECC /* Base */ = {isa = PBXFileReference; lastKnownFileType = file.storyboard; name = Base; path = Base.lproj/Main.storyboard; sourceTree = "<group>"; };
		84B542791B153C530065FECC /* Images.xcassets */ = {isa = PBXFileReference; lastKnownFileType = folder.assetcatalog; path = Images.xcassets; sourceTree = "<group>"; };
		84B5427C1B153C530065FECC /* Base */ = {isa = PBXFileReference; lastKnownFileType = file.xib; name = Base; path = Base.lproj/LaunchScreen.xib; sourceTree = "<group>"; };
		84B542821B153C530065FECC /* Tutorial_22Tests.xctest */ = {isa = PBXFileReference; explicitFileType = wrapper.cfbundle; includeInIndex = 0; path = Tutorial_22Tests.xctest; sourceTree = BUILT_PRODUCTS_DIR; };
		84B542871B153C530065FECC /* Info.plist */ = {isa = PBXFileReference; lastKnownFileType = text.plist.xml; path = Info.plist; sourceTree = "<group>"; };
		84B542881B153C530065FECC /* Tutorial_22Tests.m */ = {isa = PBXFileReference; lastKnownFileType = sourcecode.c.objc; path = Tutorial_22Tests.m; sourceTree = "<group>"; };
/* End PBXFileReference section */

/* Begin PBXFrameworksBuildPhase section */
		84B542631B153C520065FECC /* Frameworks */ = {
			isa = PBXFrameworksBuildPhase;
			buildActionMask = 2147483647;
			files = (
			);
			runOnlyForDeploymentPostprocessing = 0;
		};
		84B5427F1B153C530065FECC /* Frameworks */ = {
			isa = PBXFrameworksBuildPhase;
			buildActionMask = 2147483647;
			files = (
			);
			runOnlyForDeploymentPostprocessing = 0;
		};
/* End PBXFrameworksBuildPhase section */

/* Begin PBXGroup section */
		84B5425D1B153C520065FECC = {
			isa = PBXGroup;
			children = (
				84B542681B153C520065FECC /* Tutorial_22 */,
				84B542851B153C530065FECC /* Tutorial_22Tests */,
				84B542671B153C520065FECC /* Products */,
			);
			sourceTree = "<group>";
		};
		84B542671B153C520065FECC /* Products */ = {
			isa = PBXGroup;
			children = (
				84B542661B153C520065FECC /* Tutorial_22.app */,
				84B542821B153C530065FECC /* Tutorial_22Tests.xctest */,
			);
			name = Products;
			sourceTree = "<group>";
		};
		84B542681B153C520065FECC /* Tutorial_22 */ = {
			isa = PBXGroup;
			children = (
				84B5426D1B153C520065FECC /* AppDelegate.h */,
				84B5426E1B153C520065FECC /* AppDelegate.m */,
				84B542701B153C520065FECC /* MasterViewController.h */,
				84B542711B153C520065FECC /* MasterViewController.m */,
				84B542731B153C520065FECC /* DetailViewController.h */,
				84B542741B153C530065FECC /* DetailViewController.m */,
				84B542761B153C530065FECC /* Main.storyboard */,
				84B542791B153C530065FECC /* Images.xcassets */,
				84B5427B1B153C530065FECC /* LaunchScreen.xib */,
				84B542691B153C520065FECC /* Supporting Files */,
			);
			path = Tutorial_22;
			sourceTree = "<group>";
		};
		84B542691B153C520065FECC /* Supporting Files */ = {
			isa = PBXGroup;
			children = (
				84B5426A1B153C520065FECC /* Info.plist */,
				84B5426B1B153C520065FECC /* main.m */,
			);
			name = "Supporting Files";
			sourceTree = "<group>";
		};
		84B542851B153C530065FECC /* Tutorial_22Tests */ = {
			isa = PBXGroup;
			children = (
				84B542881B153C530065FECC /* Tutorial_22Tests.m */,
				84B542861B153C530065FECC /* Supporting Files */,
			);
			path = Tutorial_22Tests;
			sourceTree = "<group>";
		};
		84B542861B153C530065FECC /* Supporting Files */ = {
			isa = PBXGroup;
			children = (
				84B542871B153C530065FECC /* Info.plist */,
			);
			name = "Supporting Files";
			sourceTree = "<group>";
		};
/* End PBXGroup section */

/* Begin PBXNativeTarget section */
		84B542651B153C520065FECC /* Tutorial_22 */ = {
			isa = PBXNativeTarget;
			buildConfigurationList = 84B5428C1B153C530065FECC /* Build configuration list for PBXNativeTarget "Tutorial_22" */;
			buildPhases = (
				84B542621B153C520065FECC /* Sources */,
				84B542631B153C520065FECC /* Frameworks */,
				84B542641B153C520065FECC /* Resources */,
			);
			buildRules = (
			);
			dependencies = (
			);
			name = Tutorial_22;
			productName = Tutorial_22;
			productReference = 84B542661B153C520065FECC /* Tutorial_22.app */;
			productType = "com.apple.product-type.application";
		};
		84B542811B153C530065FECC /* Tutorial_22Tests */ = {
			isa = PBXNativeTarget;
			buildConfigurationList = 84B5428F1B153C530065FECC /* Build configuration list for PBXNativeTarget "Tutorial_22Tests" */;
			buildPhases = (
				84B5427E1B153C530065FECC /* Sources */,
				84B5427F1B153C530065FECC /* Frameworks */,
				84B542801B153C530065FECC /* Resources */,
			);
			buildRules = (
			);
			dependencies = (
				84B542841B153C530065FECC /* PBXTargetDependency */,
			);
			name = Tutorial_22Tests;
			productName = Tutorial_22Tests;
			productReference = 84B542821B153C530065FECC /* Tutorial_22Tests.xctest */;
			productType = "com.apple.product-type.bundle.unit-test";
		};
/* End PBXNativeTarget section */

/* Begin PBXProject section */
		84B5425E1B153C520065FECC /* Project object */ = {
			isa = PBXProject;
			attributes = {
				LastUpgradeCheck = 0630;
				ORGANIZATIONNAME = Admin;
				TargetAttributes = {
					84B542651B153C520065FECC = {
						CreatedOnToolsVersion = 6.3.1;
					};
					84B542811B153C530065FECC = {
						CreatedOnToolsVersion = 6.3.1;
						TestTargetID = 84B542651B153C520065FECC;
					};
				};
			};
			buildConfigurationList = 84B542611B153C520065FECC /* Build configuration list for PBXProject "Tutorial_22" */;
			compatibilityVersion = "Xcode 3.2";
			developmentRegion = English;
			hasScannedForEncodings = 0;
			knownRegions = (
				en,
				Base,
			);
			mainGroup = 84B5425D1B153C520065FECC;
			productRefGroup = 84B542671B153C520065FECC /* Products */;
			projectDirPath = "";
			projectRoot = "";
			targets = (
				84B542651B153C520065FECC /* Tutorial_22 */,
				84B542811B153C530065FECC /* Tutorial_22Tests */,
			);
		};
/* End PBXProject section */

/* Begin PBXResourcesBuildPhase section */
		84B542641B153C520065FECC /* Resources */ = {
			isa = PBXResourcesBuildPhase;
			buildActionMask = 2147483647;
			files = (
				84B542781B153C530065FECC /* Main.storyboard in Resources */,
				84B5427D1B153C530065FECC /* LaunchScreen.xib in Resources */,
				84B5427A1B153C530065FECC /* Images.xcassets in Resources */,
			);
			runOnlyForDeploymentPostprocessing = 0;
		};
		84B542801B153C530065FECC /* Resources */ = {
			isa = PBXResourcesBuildPhase;
			buildActionMask = 2147483647;
			files = (
			);
			runOnlyForDeploymentPostprocessing = 0;
		};
/* End PBXResourcesBuildPhase section */

/* Begin PBXSourcesBuildPhase section */
		84B542621B153C520065FECC /* Sources */ = {
			isa = PBXSourcesBuildPhase;
			buildActionMask = 2147483647;
			files = (
				84B5426F1B153C520065FECC /* AppDelegate.m in Sources */,
				84B542721B153C520065FECC /* MasterViewController.m in Sources */,
				84B5426C1B153C520065FECC /* main.m in Sources */,
				84B542751B153C530065FECC /* DetailViewController.m in Sources */,
			);
			runOnlyForDeploymentPostprocessing = 0;
		};
		84B5427E1B153C530065FECC /* Sources */ = {
			isa = PBXSourcesBuildPhase;
			buildActionMask = 2147483647;
			files = (
				84B542891B153C530065FECC /* Tutorial_22Tests.m in Sources */,
			);
			runOnlyForDeploymentPostprocessing = 0;
		};
/* End PBXSourcesBuildPhase section */

/* Begin PBXTargetDependency section */
		84B542841B153C530065FECC /* PBXTargetDependency */ = {
			isa = PBXTargetDependency;
			target = 84B542651B153C520065FECC /* Tutorial_22 */;
			targetProxy = 84B542831B153C530065FECC /* PBXContainerItemProxy */;
		};
/* End PBXTargetDependency section */

/* Begin PBXVariantGroup section */
		84B542761B153C530065FECC /* Main.storyboard */ = {
			isa = PBXVariantGroup;
			children = (
				84B542771B153C530065FECC /* Base */,
			);
			name = Main.storyboard;
			sourceTree = "<group>";
		};
		84B5427B1B153C530065FECC /* LaunchScreen.xib */ = {
			isa = PBXVariantGroup;
			children = (
				84B5427C1B153C530065FECC /* Base */,
			);
			name = LaunchScreen.xib;
			sourceTree = "<group>";
		};
/* End PBXVariantGroup section */

/* Begin XCBuildConfiguration section */
		84B5428A1B153C530065FECC /* Debug */ = {
			isa = XCBuildConfiguration;
			buildSettings = {
				ALWAYS_SEARCH_USER_PATHS = NO;
				CLANG_CXX_LANGUAGE_STANDARD = "gnu++0x";
				CLANG_CXX_LIBRARY = "libc++";
				CLANG_ENABLE_MODULES = YES;
				CLANG_ENABLE_OBJC_ARC = YES;
				CLANG_WARN_BOOL_CONVERSION = YES;
				CLANG_WARN_CONSTANT_CONVERSION = YES;
				CLANG_WARN_DIRECT_OBJC_ISA_USAGE = YES_ERROR;
				CLANG_WARN_EMPTY_BODY = YES;
				CLANG_WARN_ENUM_CONVERSION = YES;
				CLANG_WARN_INT_CONVERSION = YES;
				CLANG_WARN_OBJC_ROOT_CLASS = YES_ERROR;
				CLANG_WARN_UNREACHABLE_CODE = YES;
				CLANG_WARN__DUPLICATE_METHOD_MATCH = YES;
				"CODE_SIGN_IDENTITY[sdk=iphoneos*]" = "iPhone Developer";
				COPY_PHASE_STRIP = NO;
				DEBUG_INFORMATION_FORMAT = "dwarf-with-dsym";
				ENABLE_STRICT_OBJC_MSGSEND = YES;
				GCC_C_LANGUAGE_STANDARD = gnu99;
				GCC_DYNAMIC_NO_PIC = NO;
				GCC_NO_COMMON_BLOCKS = YES;
				GCC_OPTIMIZATION_LEVEL = 0;
				GCC_PREPROCESSOR_DEFINITIONS = (
					"DEBUG=1",
					"$(inherited)",
				);
				GCC_SYMBOLS_PRIVATE_EXTERN = NO;
				GCC_WARN_64_TO_32_BIT_CONVERSION = YES;
				GCC_WARN_ABOUT_RETURN_TYPE = YES_ERROR;
				GCC_WARN_UNDECLARED_SELECTOR = YES;
				GCC_WARN_UNINITIALIZED_AUTOS = YES_AGGRESSIVE;
				GCC_WARN_UNUSED_FUNCTION = YES;
				GCC_WARN_UNUSED_VARIABLE = YES;
				IPHONEOS_DEPLOYMENT_TARGET = 8.3;
				MTL_ENABLE_DEBUG_INFO = YES;
				ONLY_ACTIVE_ARCH = YES;
				SDKROOT = iphoneos;
			};
			name = Debug;
		};
		84B5428B1B153C530065FECC /* Release */ = {
			isa = XCBuildConfiguration;
			buildSettings = {
				ALWAYS_SEARCH_USER_PATHS = NO;
				CLANG_CXX_LANGUAGE_STANDARD = "gnu++0x";
				CLANG_CXX_LIBRARY = "libc++";
				CLANG_ENABLE_MODULES = YES;
				CLANG_ENABLE_OBJC_ARC = YES;
				CLANG_WARN_BOOL_CONVERSION = YES;
				CLANG_WARN_CONSTANT_CONVERSION = YES;
				CLANG_WARN_DIRECT_OBJC_ISA_USAGE = YES_ERROR;
				CLANG_WARN_EMPTY_BODY = YES;
				CLANG_WARN_ENUM_CONVERSION = YES;
				CLANG_WARN_INT_CONVERSION = YES;
				CLANG_WARN_OBJC_ROOT_CLASS = YES_ERROR;
				CLANG_WARN_UNREACHABLE_CODE = YES;
				CLANG_WARN__DUPLICATE_METHOD_MATCH = YES;
				"CODE_SIGN_IDENTITY[sdk=iphoneos*]" = "iPhone Developer";
				COPY_PHASE_STRIP = NO;
				DEBUG_INFORMATION_FORMAT = "dwarf-with-dsym";
				ENABLE_NS_ASSERTIONS = NO;
				ENABLE_STRICT_OBJC_MSGSEND = YES;
				GCC_C_LANGUAGE_STANDARD = gnu99;
				GCC_NO_COMMON_BLOCKS = YES;
				GCC_WARN_64_TO_32_BIT_CONVERSION = YES;
				GCC_WARN_ABOUT_RETURN_TYPE = YES_ERROR;
				GCC_WARN_UNDECLARED_SELECTOR = YES;
				GCC_WARN_UNINITIALIZED_AUTOS = YES_AGGRESSIVE;
				GCC_WARN_UNUSED_FUNCTION = YES;
				GCC_WARN_UNUSED_VARIABLE = YES;
				IPHONEOS_DEPLOYMENT_TARGET = 8.3;
				MTL_ENABLE_DEBUG_INFO = NO;
				SDKROOT = iphoneos;
				VALIDATE_PRODUCT = YES;
			};
			name = Release;
		};
		84B5428D1B153C530065FECC /* Debug */ = {
			isa = XCBuildConfiguration;
			buildSettings = {
				ASSETCATALOG_COMPILER_APPICON_NAME = AppIcon;
				INFOPLIST_FILE = Tutorial_22/Info.plist;
				LD_RUNPATH_SEARCH_PATHS = "$(inherited) @executable_path/Frameworks";
				PRODUCT_NAME = "$(TARGET_NAME)";
			};
			name = Debug;
		};
		84B5428E1B153C530065FECC /* Release */ = {
			isa = XCBuildConfiguration;
			buildSettings = {
				ASSETCATALOG_COMPILER_APPICON_NAME = AppIcon;
				INFOPLIST_FILE = Tutorial_22/Info.plist;
				LD_RUNPATH_SEARCH_PATHS = "$(inherited) @executable_path/Frameworks";
				PRODUCT_NAME = "$(TARGET_NAME)";
			};
			name = Release;
		};
		84B542901B153C530065FECC /* Debug */ = {
			isa = XCBuildConfiguration;
			buildSettings = {
				BUNDLE_LOADER = "$(TEST_HOST)";
				FRAMEWORK_SEARCH_PATHS = (
					"$(SDKROOT)/Developer/Library/Frameworks",
					"$(inherited)",
				);
				GCC_PREPROCESSOR_DEFINITIONS = (
					"DEBUG=1",
					"$(inherited)",
				);
				INFOPLIST_FILE = Tutorial_22Tests/Info.plist;
				LD_RUNPATH_SEARCH_PATHS = "$(inherited) @executable_path/Frameworks @loader_path/Frameworks";
				PRODUCT_NAME = "$(TARGET_NAME)";
				TEST_HOST = "$(BUILT_PRODUCTS_DIR)/Tutorial_22.app/Tutorial_22";
			};
			name = Debug;
		};
		84B542911B153C530065FECC /* Release */ = {
			isa = XCBuildConfiguration;
			buildSettings = {
				BUNDLE_LOADER = "$(TEST_HOST)";
				FRAMEWORK_SEARCH_PATHS = (
					"$(SDKROOT)/Developer/Library/Frameworks",
					"$(inherited)",
				);
				INFOPLIST_FILE = Tutorial_22Tests/Info.plist;
				LD_RUNPATH_SEARCH_PATHS = "$(inherited) @executable_path/Frameworks @loader_path/Frameworks";
				PRODUCT_NAME = "$(TARGET_NAME)";
				TEST_HOST = "$(BUILT_PRODUCTS_DIR)/Tutorial_22.app/Tutorial_22";
			};
			name = Release;
		};
/* End XCBuildConfiguration section */

/* Begin XCConfigurationList section */
		84B542611B153C520065FECC /* Build configuration list for PBXProject "Tutorial_22" */ = {
			isa = XCConfigurationList;
			buildConfigurations = (
				84B5428A1B153C530065FECC /* Debug */,
				84B5428B1B153C530065FECC /* Release */,
			);
			defaultConfigurationIsVisible = 0;
			defaultConfigurationName = Release;
		};
		84B5428C1B153C530065FECC /* Build configuration list for PBXNativeTarget "Tutorial_22" */ = {
			isa = XCConfigurationList;
			buildConfigurations = (
				84B5428D1B153C530065FECC /* Debug */,
				84B5428E1B153C530065FECC /* Release */,
			);
			defaultConfigurationIsVisible = 0;
		};
		84B5428F1B153C530065FECC /* Build configuration list for PBXNativeTarget "Tutorial_22Tests" */ = {
			isa = XCConfigurationList;
			buildConfigurations = (
				84B542901B153C530065FECC /* Debug */,
				84B542911B153C530065FECC /* Release */,
			);
			defaultConfigurationIsVisible = 0;
		};
/* End XCConfigurationList section */
	};
	rootObject = 84B5425E1B153C520065FECC /* Project object */;
}
